
Microsoft Visual Studio Solution File, Format Version 12.00
# Visual Studio Version 17
VisualStudioVersion = 17.6.33723.286
MinimumVisualStudioVersion = 10.0.40219.1
Project("{8BC9CEB8-8B4A-11D0-8D11-00A0C91BC942}") = "Inheritance", "Inheritance\Inheritance.vcxproj", "{425D2E46-8204-414B-BEBC-FC6BF1F02800}"
EndProject
Project("{8BC9CEB8-8B4A-11D0-8D11-00A0C91BC942}") = "Academy", "Academy\Academy.vcxproj", "{5B691A40-30D4-4714-90ED-D342F65586E2}"
EndProject
Project("{8BC9CEB8-8B4A-11D0-8D11-00A0C91BC942}") = "Files", "Files\Files.vcxproj", "{C5488FED-AC21-426A-9244-89FA03CCE104}"
EndProject
Project("{8BC9CEB8-8B4A-11D0-8D11-00A0C91BC942}") = "AbstractBaseClass", "AbstractBaseClass\AbstractBaseClass.vcxproj", "{95159D11-57B7-4B85-9B38-C72415C45D73}"
EndProject
Project("{8BC9CEB8-8B4A-11D0-8D11-00A0C91BC942}") = "AbstractGeometry", "AbstractGeometry\AbstractGeometry.vcxproj", "{0D5C2941-7425-454F-A7AB-D5CDD89C11C3}"
EndProject
Global
	GlobalSection(SolutionConfigurationPlatforms) = preSolution
		Debug|x64 = Debug|x64
		Debug|x86 = Debug|x86
		Release|x64 = Release|x64
		Release|x86 = Release|x86
	EndGlobalSection
	GlobalSection(ProjectConfigurationPlatforms) = postSolution
		{425D2E46-8204-414B-BEBC-FC6BF1F02800}.Debug|x64.ActiveCfg = Debug|x64
		{425D2E46-8204-414B-BEBC-FC6BF1F02800}.Debug|x64.Build.0 = Debug|x64
		{425D2E46-8204-414B-BEBC-FC6BF1F02800}.Debug|x86.ActiveCfg = Debug|Win32
		{425D2E46-8204-414B-BEBC-FC6BF1F02800}.Debug|x86.Build.0 = Debug|Win32
		{425D2E46-8204-414B-BEBC-FC6BF1F02800}.Release|x64.ActiveCfg = Release|x64
		{425D2E46-8204-414B-BEBC-FC6BF1F02800}.Release|x64.Build.0 = Release|x64
		{425D2E46-8204-414B-BEBC-FC6BF1F02800}.Release|x86.ActiveCfg = Release|Win32
		{425D2E46-8204-414B-BEBC-FC6BF1F02800}.Release|x86.Build.0 = Release|Win32
		{5B691A40-30D4-4714-90ED-D342F65586E2}.Debug|x64.ActiveCfg = Debug|x64
		{5B691A40-30D4-4714-90ED-D342F65586E2}.Debug|x64.Build.0 = Debug|x64
		{5B691A40-30D4-4714-90ED-D342F65586E2}.Debug|x86.ActiveCfg = Debug|Win32
		{5B691A40-30D4-4714-90ED-D342F65586E2}.Debug|x86.Build.0 = Debug|Win32
		{5B691A40-30D4-4714-90ED-D342F65586E2}.Release|x64.ActiveCfg = Release|x64
		{5B691A40-30D4-4714-90ED-D342F65586E2}.Release|x64.Build.0 = Release|x64
		{5B691A40-30D4-4714-90ED-D342F65586E2}.Release|x86.ActiveCfg = Release|Win32
		{5B691A40-30D4-4714-90ED-D342F65586E2}.Release|x86.Build.0 = Release|Win32
		{C5488FED-AC21-426A-9244-89FA03CCE104}.Debug|x64.ActiveCfg = Debug|x64
		{C5488FED-AC21-426A-9244-89FA03CCE104}.Debug|x64.Build.0 = Debug|x64
		{C5488FED-AC21-426A-9244-89FA03CCE104}.Debug|x86.ActiveCfg = Debug|Win32
		{C5488FED-AC21-426A-9244-89FA03CCE104}.Debug|x86.Build.0 = Debug|Win32
		{C5488FED-AC21-426A-9244-89FA03CCE104}.Release|x64.ActiveCfg = Release|x64
		{C5488FED-AC21-426A-9244-89FA03CCE104}.Release|x64.Build.0 = Release|x64
		{C5488FED-AC21-426A-9244-89FA03CCE104}.Release|x86.ActiveCfg = Release|Win32
		{C5488FED-AC21-426A-9244-89FA03CCE104}.Release|x86.Build.0 = Release|Win32
		{95159D11-57B7-4B85-9B38-C72415C45D73}.Debug|x64.ActiveCfg = Debug|x64
		{95159D11-57B7-4B85-9B38-C72415C45D73}.Debug|x64.Build.0 = Debug|x64
		{95159D11-57B7-4B85-9B38-C72415C45D73}.Debug|x86.ActiveCfg = Debug|Win32
		{95159D11-57B7-4B85-9B38-C72415C45D73}.Debug|x86.Build.0 = Debug|Win32
		{95159D11-57B7-4B85-9B38-C72415C45D73}.Release|x64.ActiveCfg = Release|x64
		{95159D11-57B7-4B85-9B38-C72415C45D73}.Release|x64.Build.0 = Release|x64
		{95159D11-57B7-4B85-9B38-C72415C45D73}.Release|x86.ActiveCfg = Release|Win32
		{95159D11-57B7-4B85-9B38-C72415C45D73}.Release|x86.Build.0 = Release|Win32
		{0D5C2941-7425-454F-A7AB-D5CDD89C11C3}.Debug|x64.ActiveCfg = Debug|x64
		{0D5C2941-7425-454F-A7AB-D5CDD89C11C3}.Debug|x64.Build.0 = Debug|x64
		{0D5C2941-7425-454F-A7AB-D5CDD89C11C3}.Debug|x86.ActiveCfg = Debug|Win32
		{0D5C2941-7425-454F-A7AB-D5CDD89C11C3}.Debug|x86.Build.0 = Debug|Win32
		{0D5C2941-7425-454F-A7AB-D5CDD89C11C3}.Release|x64.ActiveCfg = Release|x64
		{0D5C2941-7425-454F-A7AB-D5CDD89C11C3}.Release|x64.Build.0 = Release|x64
		{0D5C2941-7425-454F-A7AB-D5CDD89C11C3}.Release|x86.ActiveCfg = Release|Win32
		{0D5C2941-7425-454F-A7AB-D5CDD89C11C3}.Release|x86.Build.0 = Release|Win32
	EndGlobalSection
	GlobalSection(SolutionProperties) = preSolution
		HideSolutionNode = FALSE
	EndGlobalSection
	GlobalSection(ExtensibilityGlobals) = postSolution
		SolutionGuid = {4C2ACF7A-FE16-4733-AE73-17DBA5AA232E}
	EndGlobalSection
EndGlobal
